{
  "name": "digitalize-labs",
  "lockfileVersion": 3,
  "requires": true,
  "packages": {
    "": {
      "name": "digitalize-labs",
      "hasInstallScript": true,
      "devDependencies": {
        "turbo": "^2.4.0"
      }
    },
    "node_modules/turbo": {
      "version": "2.8.16",
      "dev": true,
      "license": "MIT",
      "bin": {
        "turbo": "bin/turbo"
      },
      "optionalDependencies": {
        "turbo-darwin-64": "2.8.16",
        "turbo-darwin-arm64": "2.8.16",
        "turbo-linux-64": "2.8.16",
        "turbo-linux-arm64": "2.8.16",
        "turbo-windows-64": "2.8.16",
        "turbo-windows-arm64": "2.8.16"
      }
    },
    "node_modules/turbo-windows-64": {
      "version": "2.8.16",
      "cpu": [
        "x64"
      ],
      "dev": true,
      "license": "MIT",
      "optional": true,
      "os": [
        "win32"
      ]
    }
  }
}
